// !$*UTF8*$!
{
	archiveVersion = 1;
	classes = {
	};
	objectVersion = 46;
	objects = {

/* Begin PBXBuildFile section */
		1E027F0A0D36F23F00885DEE /* Run.png in Resources */ = {isa = PBXBuildFile; fileRef = 1E027F080D36F23F00885DEE /* Run.png */; };
		1E02C3D50C60EC2C006F1752 /* AppDelegate.m in Sources */ = {isa = PBXBuildFile; fileRef = 1E02C3D40C60EC2C006F1752 /* AppDelegate.m */; };
		1E02C5710C610158006F1752 /* DebuggerBackEnd.m in Sources */ = {isa = PBXBuildFile; fileRef = 1E02C5700C610158006F1752 /* DebuggerBackEnd.m */; };
		1E02C5F60C610724006F1752 /* DebuggerController.m in Sources */ = {isa = PBXBuildFile; fileRef = 1E02C5F50C610724006F1752 /* DebuggerController.m */; };
		1E0AFBB90FC2518700C67031 /* HUDIcon.png in Resources */ = {isa = PBXBuildFile; fileRef = 1E0AFBB80FC2518700C67031 /* HUDIcon.png */; };
		1E108E40136CC8B9002E34E0 /* EvalController.m in Sources */ = {isa = PBXBuildFile; fileRef = 1E108E3F136CC8B9002E34E0 /* EvalController.m */; };
		1E108E43136CC9A0002E34E0 /* Eval.xib in Resources */ = {isa = PBXBuildFile; fileRef = 1E108E41136CC9A0002E34E0 /* Eval.xib */; };
		1E109019136DD92D002E34E0 /* StripLineBreaksValueTransformer.m in Sources */ = {isa = PBXBuildFile; fileRef = 1E109018136DD92D002E34E0 /* StripLineBreaksValueTransformer.m */; };
		1E11814A1319805E003BFEF1 /* BSSourceViewTextView.m in Sources */ = {isa = PBXBuildFile; fileRef = 1E1181491319805E003BFEF1 /* BSSourceViewTextView.m */; };
		1E1E53030DF9B89800D334F9 /* Breakpoints.xib in Resources */ = {isa = PBXBuildFile; fileRef = 1E1E53010DF9B89800D334F9 /* Breakpoints.xib */; };
		1E2F0A6912D5371C00EBF675 /* Stop.png in Resources */ = {isa = PBXBuildFile; fileRef = 1E2F0A6812D5371B00EBF675 /* Stop.png */; };
		1E35FC760C6579CA0030F527 /* NSXMLElementAdditions.m in Sources */ = {isa = PBXBuildFile; fileRef = 1E35FC750C6579CA0030F527 /* NSXMLElementAdditions.m */; };
		1E3F9D941CBAB57B005D896B /* PreferenceNames.m in Sources */ = {isa = PBXBuildFile; fileRef = 1E3F9D931CBAB57B005D896B /* PreferenceNames.m */; };
		1E416FF90D36F821009A53A2 /* MainMenu.xib in Resources */ = {isa = PBXBuildFile; fileRef = 1E416FF60D36F821009A53A2 /* MainMenu.xib */; };
		1E42F1D70F53317B008412DB /* dsa_pub.pem in Resources */ = {isa = PBXBuildFile; fileRef = 1E42F1D60F53317B008412DB /* dsa_pub.pem */; };
		1E4C7AF90DA401C7000A9DC7 /* BreakpointManager.m in Sources */ = {isa = PBXBuildFile; fileRef = 1E4C7AF80DA401C7000A9DC7 /* BreakpointManager.m */; };
		1E5C32AA177296DF00F4377B /* BSProtocolThreadInvoker.m in Sources */ = {isa = PBXBuildFile; fileRef = 1E5C32A9177296DF00F4377B /* BSProtocolThreadInvoker.m */; };
		1E67E6FD0F3C052000E68F1B /* PreferencesPathsArrayController.m in Sources */ = {isa = PBXBuildFile; fileRef = 1E67E6FC0F3C052000E68F1B /* PreferencesPathsArrayController.m */; };
		1E6B5947116106FE001189D2 /* LoggingController.m in Sources */ = {isa = PBXBuildFile; fileRef = 1E6B5946116106FE001189D2 /* LoggingController.m */; };
		1E6B594C11610993001189D2 /* Log.xib in Resources */ = {isa = PBXBuildFile; fileRef = 1E6B594A11610993001189D2 /* Log.xib */; };
		1E7188690D839F6300969277 /* BSSourceView.mm in Sources */ = {isa = PBXBuildFile; fileRef = 1E7188650D839F6300969277 /* BSSourceView.mm */; };
		1E822CDD0DA28AC30027A23F /* Breakpoint.m in Sources */ = {isa = PBXBuildFile; fileRef = 1E822CDC0DA28AC30027A23F /* Breakpoint.m */; };
		1E87EFD1232B800900FF6348 /* BreakpointManager.m in Sources */ = {isa = PBXBuildFile; fileRef = 1E4C7AF80DA401C7000A9DC7 /* BreakpointManager.m */; };
		1E87EFD4232B806D00FF6348 /* Breakpoint.m in Sources */ = {isa = PBXBuildFile; fileRef = 1E822CDC0DA28AC30027A23F /* Breakpoint.m */; };
		1E87EFD5232B807000FF6348 /* PreferenceNames.m in Sources */ = {isa = PBXBuildFile; fileRef = 1E3F9D931CBAB57B005D896B /* PreferenceNames.m */; };
		1E87EFD7232B809A00FF6348 /* Cocoa.framework in Frameworks */ = {isa = PBXBuildFile; fileRef = 1E87EFD6232B809A00FF6348 /* Cocoa.framework */; };
		1E8C70A21BDB16A900D333DC /* DebuggerModelTest.m in Sources */ = {isa = PBXBuildFile; fileRef = 1E8C70A11BDB16A900D333DC /* DebuggerModelTest.m */; };
		1E8C70A31BDB173A00D333DC /* DebuggerModel.m in Sources */ = {isa = PBXBuildFile; fileRef = 1EECC0B91BC9B1E700FB22D3 /* DebuggerModel.m */; };
		1E8C70A41BDB183300D333DC /* StackFrame.m in Sources */ = {isa = PBXBuildFile; fileRef = 1EB7BED40ECF3CA90033283A /* StackFrame.m */; };
		1E9582620E252474001A3D89 /* Preferences.xib in Resources */ = {isa = PBXBuildFile; fileRef = 1E9582600E252474001A3D89 /* Preferences.xib */; };
		1E9582670E2524AD001A3D89 /* PreferencesController.m in Sources */ = {isa = PBXBuildFile; fileRef = 1E9582660E2524AD001A3D89 /* PreferencesController.m */; };
		1E9583200E2531BD001A3D89 /* Sparkle.framework in Frameworks */ = {isa = PBXBuildFile; fileRef = 1E95831F0E2531BD001A3D89 /* Sparkle.framework */; };
		1E95834C0E2531D5001A3D89 /* Sparkle.framework in CopyFiles */ = {isa = PBXBuildFile; fileRef = 1E95831F0E2531BD001A3D89 /* Sparkle.framework */; settings = {ATTRIBUTES = (CodeSignOnCopy, ); }; };
		1E9C305B239D6DC600EFE30E /* FileAccess.xib in Resources */ = {isa = PBXBuildFile; fileRef = 1E9C3059239D6DC600EFE30E /* FileAccess.xib */; };
		1E9C305F239D6E4200EFE30E /* FileAccessController.m in Sources */ = {isa = PBXBuildFile; fileRef = 1E9C305E239D6E4200EFE30E /* FileAccessController.m */; };
		1EB7BED50ECF3CA90033283A /* StackFrame.m in Sources */ = {isa = PBXBuildFile; fileRef = 1EB7BED40ECF3CA90033283A /* StackFrame.m */; };
		1EBE15B324381342006D0D07 /* StepInTemplate.png in Resources */ = {isa = PBXBuildFile; fileRef = 1EBE15B224381342006D0D07 /* StepInTemplate.png */; };
		1EBE15B62438143B006D0D07 /* StepOverTemplate.png in Resources */ = {isa = PBXBuildFile; fileRef = 1EBE15B42438143B006D0D07 /* StepOverTemplate.png */; };
		1EBE15B72438143B006D0D07 /* StepOutTemplate.png in Resources */ = {isa = PBXBuildFile; fileRef = 1EBE15B52438143B006D0D07 /* StepOutTemplate.png */; };
		1EC1337E127DBB00007946FC /* VariableNode.m in Sources */ = {isa = PBXBuildFile; fileRef = 1EC1337D127DBB00007946FC /* VariableNode.m */; };
		1EDA9CF812DD13B300596211 /* BSLineNumberRulerView.mm in Sources */ = {isa = PBXBuildFile; fileRef = 1EDA9CF712DD13B300596211 /* BSLineNumberRulerView.mm */; };
		1EE97E55232B11CB000FA8E6 /* ValidatingNSToolbarItem.m in Sources */ = {isa = PBXBuildFile; fileRef = 1EE97E54232B11CB000FA8E6 /* ValidatingNSToolbarItem.m */; };
		1EEBE842176FEA80003622C3 /* MessageQueue.m in Sources */ = {isa = PBXBuildFile; fileRef = 1EEBE841176FEA80003622C3 /* MessageQueue.m */; };
		1EEBE845176FFE04003622C3 /* ProtocolClient.m in Sources */ = {isa = PBXBuildFile; fileRef = 1EEBE844176FFE04003622C3 /* ProtocolClient.m */; };
		1EEBFBE50D34C793008F835B /* Debugger.xib in Resources */ = {isa = PBXBuildFile; fileRef = 1EEBFBE30D34C793008F835B /* Debugger.xib */; };
		1EECC0BA1BC9B1E800FB22D3 /* DebuggerModel.m in Sources */ = {isa = PBXBuildFile; fileRef = 1EECC0B91BC9B1E700FB22D3 /* DebuggerModel.m */; };
		1EEE875D0D9DE4B4009CBA7C /* MacGDBp.icns in Resources */ = {isa = PBXBuildFile; fileRef = 1EEE875C0D9DE4B4009CBA7C /* MacGDBp.icns */; };
		1EFF70C30DFDC018006B9D33 /* BreakpointController.m in Sources */ = {isa = PBXBuildFile; fileRef = 1EFF70C20DFDC018006B9D33 /* BreakpointController.m */; };
		8D11072B0486CEB800E47090 /* InfoPlist.strings in Resources */ = {isa = PBXBuildFile; fileRef = 089C165CFE840E0CC02AAC07 /* InfoPlist.strings */; };
		8D11072D0486CEB800E47090 /* main.m in Sources */ = {isa = PBXBuildFile; fileRef = 29B97316FDCFA39411CA2CEA /* main.m */; settings = {ATTRIBUTES = (); }; };
		8D11072F0486CEB800E47090 /* Cocoa.framework in Frameworks */ = {isa = PBXBuildFile; fileRef = 1058C7A1FEA54F0111CA2CBB /* Cocoa.framework */; };
/* End PBXBuildFile section */

/* Begin PBXContainerItemProxy section */
		1E8C709C1BDB167F00D333DC /* PBXContainerItemProxy */ = {
			isa = PBXContainerItemProxy;
			containerPortal = 29B97313FDCFA39411CA2CEA /* Project object */;
			proxyType = 1;
			remoteGlobalIDString = 8D1107260486CEB800E47090;
			remoteInfo = MacGDBp;
		};
/* End PBXContainerItemProxy section */

/* Begin PBXCopyFilesBuildPhase section */
		1E9583550E2531E7001A3D89 /* CopyFiles */ = {
			isa = PBXCopyFilesBuildPhase;
			buildActionMask = 2147483647;
			dstPath = "";
			dstSubfolderSpec = 10;
			files = (
				1E95834C0E2531D5001A3D89 /* Sparkle.framework in CopyFiles */,
			);
			runOnlyForDeploymentPostprocessing = 0;
		};
/* End PBXCopyFilesBuildPhase section */

/* Begin PBXFileReference section */
		1058C7A1FEA54F0111CA2CBB /* Cocoa.framework */ = {isa = PBXFileReference; lastKnownFileType = wrapper.framework; name = Cocoa.framework; path = /System/Library/Frameworks/Cocoa.framework; sourceTree = "<absolute>"; };
		13E42FB307B3F0F600E4EEF1 /* CoreData.framework */ = {isa = PBXFileReference; lastKnownFileType = wrapper.framework; name = CoreData.framework; path = /System/Library/Frameworks/CoreData.framework; sourceTree = "<absolute>"; };
		1E027F080D36F23F00885DEE /* Run.png */ = {isa = PBXFileReference; lastKnownFileType = image.png; name = Run.png; path = Icons/Run.png; sourceTree = "<group>"; };
		1E02C3D30C60EC2C006F1752 /* AppDelegate.h */ = {isa = PBXFileReference; fileEncoding = 4; lastKnownFileType = sourcecode.c.h; name = AppDelegate.h; path = Source/AppDelegate.h; sourceTree = "<group>"; };
		1E02C3D40C60EC2C006F1752 /* AppDelegate.m */ = {isa = PBXFileReference; fileEncoding = 4; lastKnownFileType = sourcecode.c.objc; name = AppDelegate.m; path = Source/AppDelegate.m; sourceTree = "<group>"; };
		1E02C56F0C610158006F1752 /* DebuggerBackEnd.h */ = {isa = PBXFileReference; fileEncoding = 4; lastKnownFileType = sourcecode.c.h; name = DebuggerBackEnd.h; path = Source/DebuggerBackEnd.h; sourceTree = "<group>"; };
		1E02C5700C610158006F1752 /* DebuggerBackEnd.m */ = {isa = PBXFileReference; fileEncoding = 4; lastKnownFileType = sourcecode.c.objc; name = DebuggerBackEnd.m; path = Source/DebuggerBackEnd.m; sourceTree = "<group>"; };
		1E02C5F40C610724006F1752 /* DebuggerController.h */ = {isa = PBXFileReference; fileEncoding = 4; lastKnownFileType = sourcecode.c.h; name = DebuggerController.h; path = Source/DebuggerController.h; sourceTree = "<group>"; };
		1E02C5F50C610724006F1752 /* DebuggerController.m */ = {isa = PBXFileReference; fileEncoding = 4; lastKnownFileType = sourcecode.c.objc; name = DebuggerController.m; path = Source/DebuggerController.m; sourceTree = "<group>"; };
		1E0AFBB80FC2518700C67031 /* HUDIcon.png */ = {isa = PBXFileReference; lastKnownFileType = image.png; name = HUDIcon.png; path = Icons/HUDIcon.png; sourceTree = "<group>"; };
		1E108E3E136CC8B9002E34E0 /* EvalController.h */ = {isa = PBXFileReference; fileEncoding = 4; lastKnownFileType = sourcecode.c.h; name = EvalController.h; path = Source/EvalController.h; sourceTree = "<group>"; };
		1E108E3F136CC8B9002E34E0 /* EvalController.m */ = {isa = PBXFileReference; fileEncoding = 4; lastKnownFileType = sourcecode.c.objc; name = EvalController.m; path = Source/EvalController.m; sourceTree = "<group>"; };
		1E109017136DD92D002E34E0 /* StripLineBreaksValueTransformer.h */ = {isa = PBXFileReference; fileEncoding = 4; lastKnownFileType = sourcecode.c.h; name = StripLineBreaksValueTransformer.h; path = Source/StripLineBreaksValueTransformer.h; sourceTree = "<group>"; };
		1E109018136DD92D002E34E0 /* StripLineBreaksValueTransformer.m */ = {isa = PBXFileReference; fileEncoding = 4; lastKnownFileType = sourcecode.c.objc; name = StripLineBreaksValueTransformer.m; path = Source/StripLineBreaksValueTransformer.m; sourceTree = "<group>"; };
		1E1181481319805E003BFEF1 /* BSSourceViewTextView.h */ = {isa = PBXFileReference; fileEncoding = 4; lastKnownFileType = sourcecode.c.h; name = BSSourceViewTextView.h; path = Source/BSSourceViewTextView.h; sourceTree = "<group>"; };
		1E1181491319805E003BFEF1 /* BSSourceViewTextView.m */ = {isa = PBXFileReference; fileEncoding = 4; lastKnownFileType = sourcecode.c.objc; name = BSSourceViewTextView.m; path = Source/BSSourceViewTextView.m; sourceTree = "<group>"; };
		1E2F0A6812D5371B00EBF675 /* Stop.png */ = {isa = PBXFileReference; lastKnownFileType = image.png; name = Stop.png; path = Icons/Stop.png; sourceTree = "<group>"; };
		1E35FC750C6579CA0030F527 /* NSXMLElementAdditions.m */ = {isa = PBXFileReference; fileEncoding = 30; lastKnownFileType = sourcecode.c.objc; name = NSXMLElementAdditions.m; path = Source/NSXMLElementAdditions.m; sourceTree = "<group>"; };
		1E35FFB00C65A74C0030F527 /* NSXMLElementAdditions.h */ = {isa = PBXFileReference; fileEncoding = 4; lastKnownFileType = sourcecode.c.h; name = NSXMLElementAdditions.h; path = Source/NSXMLElementAdditions.h; sourceTree = "<group>"; };
		1E3F9D931CBAB57B005D896B /* PreferenceNames.m */ = {isa = PBXFileReference; fileEncoding = 4; lastKnownFileType = sourcecode.c.objc; name = PreferenceNames.m; path = Source/PreferenceNames.m; sourceTree = "<group>"; };
		1E3F9D951CBAB589005D896B /* PreferenceNames.h */ = {isa = PBXFileReference; lastKnownFileType = sourcecode.c.h; name = PreferenceNames.h; path = Source/PreferenceNames.h; sourceTree = "<group>"; };
		1E42F1D60F53317B008412DB /* dsa_pub.pem */ = {isa = PBXFileReference; fileEncoding = 4; lastKnownFileType = text; path = dsa_pub.pem; sourceTree = "<group>"; };
		1E4C7AF70DA401C7000A9DC7 /* BreakpointManager.h */ = {isa = PBXFileReference; fileEncoding = 4; lastKnownFileType = sourcecode.c.h; name = BreakpointManager.h; path = Source/BreakpointManager.h; sourceTree = "<group>"; };
		1E4C7AF80DA401C7000A9DC7 /* BreakpointManager.m */ = {isa = PBXFileReference; fileEncoding = 4; lastKnownFileType = sourcecode.c.objc; name = BreakpointManager.m; path = Source/BreakpointManager.m; sourceTree = "<group>"; };
		1E5C32A8177296DF00F4377B /* BSProtocolThreadInvoker.h */ = {isa = PBXFileReference; fileEncoding = 4; lastKnownFileType = sourcecode.c.h; name = BSProtocolThreadInvoker.h; path = Source/BSProtocolThreadInvoker.h; sourceTree = "<group>"; };
		1E5C32A9177296DF00F4377B /* BSProtocolThreadInvoker.m */ = {isa = PBXFileReference; fileEncoding = 4; lastKnownFileType = sourcecode.c.objc; name = BSProtocolThreadInvoker.m; path = Source/BSProtocolThreadInvoker.m; sourceTree = "<group>"; };
		1E67E6FB0F3C052000E68F1B /* PreferencesPathsArrayController.h */ = {isa = PBXFileReference; fileEncoding = 4; lastKnownFileType = sourcecode.c.h; name = PreferencesPathsArrayController.h; path = Source/PreferencesPathsArrayController.h; sourceTree = "<group>"; };
		1E67E6FC0F3C052000E68F1B /* PreferencesPathsArrayController.m */ = {isa = PBXFileReference; fileEncoding = 4; lastKnownFileType = sourcecode.c.objc; name = PreferencesPathsArrayController.m; path = Source/PreferencesPathsArrayController.m; sourceTree = "<group>"; };
		1E6B5945116106FE001189D2 /* LoggingController.h */ = {isa = PBXFileReference; fileEncoding = 4; lastKnownFileType = sourcecode.c.h; name = LoggingController.h; path = Source/LoggingController.h; sourceTree = "<group>"; };
		1E6B5946116106FE001189D2 /* LoggingController.m */ = {isa = PBXFileReference; fileEncoding = 4; lastKnownFileType = sourcecode.c.objc; name = LoggingController.m; path = Source/LoggingController.m; sourceTree = "<group>"; };
		1E7188640D839F6300969277 /* BSSourceView.h */ = {isa = PBXFileReference; explicitFileType = sourcecode.c.h; fileEncoding = 4; name = BSSourceView.h; path = Source/BSSourceView.h; sourceTree = "<group>"; };
		1E7188650D839F6300969277 /* BSSourceView.mm */ = {isa = PBXFileReference; fileEncoding = 4; lastKnownFileType = sourcecode.cpp.objcpp; name = BSSourceView.mm; path = Source/BSSourceView.mm; sourceTree = "<group>"; };
		1E822CDB0DA28AC30027A23F /* Breakpoint.h */ = {isa = PBXFileReference; fileEncoding = 4; lastKnownFileType = sourcecode.c.h; name = Breakpoint.h; path = Source/Breakpoint.h; sourceTree = "<group>"; };
		1E822CDC0DA28AC30027A23F /* Breakpoint.m */ = {isa = PBXFileReference; fileEncoding = 4; lastKnownFileType = sourcecode.c.objc; name = Breakpoint.m; path = Source/Breakpoint.m; sourceTree = "<group>"; };
		1E87EFD2232B805800FF6348 /* AppKit.framework */ = {isa = PBXFileReference; lastKnownFileType = wrapper.framework; name = AppKit.framework; path = System/Library/Frameworks/AppKit.framework; sourceTree = SDKROOT; };
		1E87EFD6232B809A00FF6348 /* Cocoa.framework */ = {isa = PBXFileReference; lastKnownFileType = wrapper.framework; name = Cocoa.framework; path = System/Library/Frameworks/Cocoa.framework; sourceTree = SDKROOT; };
		1E8C70971BDB167F00D333DC /* MacGDBp-Tests.xctest */ = {isa = PBXFileReference; explicitFileType = wrapper.cfbundle; includeInIndex = 0; path = "MacGDBp-Tests.xctest"; sourceTree = BUILT_PRODUCTS_DIR; };
		1E8C709B1BDB167F00D333DC /* UnitTests-Info.plist */ = {isa = PBXFileReference; lastKnownFileType = text.plist.xml; path = "UnitTests-Info.plist"; sourceTree = "<group>"; };
		1E8C70A11BDB16A900D333DC /* DebuggerModelTest.m */ = {isa = PBXFileReference; fileEncoding = 4; lastKnownFileType = sourcecode.c.objc; name = DebuggerModelTest.m; path = Source/Tests/DebuggerModelTest.m; sourceTree = "<group>"; };
		1E9582650E2524AD001A3D89 /* PreferencesController.h */ = {isa = PBXFileReference; fileEncoding = 4; lastKnownFileType = sourcecode.c.h; name = PreferencesController.h; path = Source/PreferencesController.h; sourceTree = "<group>"; };
		1E9582660E2524AD001A3D89 /* PreferencesController.m */ = {isa = PBXFileReference; fileEncoding = 4; lastKnownFileType = sourcecode.c.objc; name = PreferencesController.m; path = Source/PreferencesController.m; sourceTree = "<group>"; };
		1E95831F0E2531BD001A3D89 /* Sparkle.framework */ = {isa = PBXFileReference; lastKnownFileType = wrapper.framework; path = Sparkle.framework; sourceTree = "<group>"; };
		1E9C3052239C3BED00EFE30E /* en */ = {isa = PBXFileReference; lastKnownFileType = text.plist.strings; name = en; path = en.lproj/InfoPlist.strings; sourceTree = "<group>"; };
		1E9C3053239C3BED00EFE30E /* en */ = {isa = PBXFileReference; lastKnownFileType = file.xib; name = en; path = en.lproj/Breakpoints.xib; sourceTree = "<group>"; };
		1E9C3054239C3BED00EFE30E /* en */ = {isa = PBXFileReference; lastKnownFileType = file.xib; name = en; path = en.lproj/Debugger.xib; sourceTree = "<group>"; };
		1E9C3055239C3BED00EFE30E /* en */ = {isa = PBXFileReference; lastKnownFileType = file.xib; name = en; path = en.lproj/Eval.xib; sourceTree = "<group>"; };
		1E9C3056239C3BED00EFE30E /* en */ = {isa = PBXFileReference; lastKnownFileType = file.xib; name = en; path = en.lproj/Log.xib; sourceTree = "<group>"; };
		1E9C3057239C3BED00EFE30E /* en */ = {isa = PBXFileReference; lastKnownFileType = file.xib; name = en; path = en.lproj/MainMenu.xib; sourceTree = "<group>"; };
		1E9C3058239C3BEE00EFE30E /* en */ = {isa = PBXFileReference; lastKnownFileType = file.xib; name = en; path = en.lproj/Preferences.xib; sourceTree = "<group>"; };
		1E9C305A239D6DC600EFE30E /* en */ = {isa = PBXFileReference; lastKnownFileType = file.xib; name = en; path = en.lproj/FileAccess.xib; sourceTree = "<group>"; };
		1E9C305D239D6E4200EFE30E /* FileAccessController.h */ = {isa = PBXFileReference; lastKnownFileType = sourcecode.c.h; name = FileAccessController.h; path = Source/FileAccessController.h; sourceTree = "<group>"; };
		1E9C305E239D6E4200EFE30E /* FileAccessController.m */ = {isa = PBXFileReference; lastKnownFileType = sourcecode.c.objc; name = FileAccessController.m; path = Source/FileAccessController.m; sourceTree = "<group>"; };
		1EB7BED30ECF3CA90033283A /* StackFrame.h */ = {isa = PBXFileReference; fileEncoding = 4; lastKnownFileType = sourcecode.c.h; name = StackFrame.h; path = Source/StackFrame.h; sourceTree = "<group>"; };
		1EB7BED40ECF3CA90033283A /* StackFrame.m */ = {isa = PBXFileReference; fileEncoding = 4; lastKnownFileType = sourcecode.c.objc; name = StackFrame.m; path = Source/StackFrame.m; sourceTree = "<group>"; };
		1EBE15B224381342006D0D07 /* StepInTemplate.png */ = {isa = PBXFileReference; lastKnownFileType = image.png; name = StepInTemplate.png; path = Icons/StepInTemplate.png; sourceTree = "<group>"; };
		1EBE15B42438143B006D0D07 /* StepOverTemplate.png */ = {isa = PBXFileReference; lastKnownFileType = image.png; name = StepOverTemplate.png; path = Icons/StepOverTemplate.png; sourceTree = "<group>"; };
		1EBE15B52438143B006D0D07 /* StepOutTemplate.png */ = {isa = PBXFileReference; lastKnownFileType = image.png; name = StepOutTemplate.png; path = Icons/StepOutTemplate.png; sourceTree = "<group>"; };
		1EC1337C127DBB00007946FC /* VariableNode.h */ = {isa = PBXFileReference; fileEncoding = 4; lastKnownFileType = sourcecode.c.h; name = VariableNode.h; path = Source/VariableNode.h; sourceTree = "<group>"; };
		1EC1337D127DBB00007946FC /* VariableNode.m */ = {isa = PBXFileReference; fileEncoding = 4; lastKnownFileType = sourcecode.c.objc; name = VariableNode.m; path = Source/VariableNode.m; sourceTree = "<group>"; };
		1ED58817231CC66000F0A713 /* MacGDBp.entitlements */ = {isa = PBXFileReference; lastKnownFileType = text.plist.entitlements; path = MacGDBp.entitlements; sourceTree = "<group>"; };
		1EDA9CF612DD13B300596211 /* BSLineNumberRulerView.h */ = {isa = PBXFileReference; fileEncoding = 4; lastKnownFileType = sourcecode.c.h; name = BSLineNumberRulerView.h; path = Source/BSLineNumberRulerView.h; sourceTree = "<group>"; };
		1EDA9CF712DD13B300596211 /* BSLineNumberRulerView.mm */ = {isa = PBXFileReference; fileEncoding = 4; lastKnownFileType = sourcecode.cpp.objcpp; name = BSLineNumberRulerView.mm; path = Source/BSLineNumberRulerView.mm; sourceTree = "<group>"; };
		1EE97E53232B11CB000FA8E6 /* ValidatingNSToolbarItem.h */ = {isa = PBXFileReference; lastKnownFileType = sourcecode.c.h; name = ValidatingNSToolbarItem.h; path = Source/ValidatingNSToolbarItem.h; sourceTree = "<group>"; };
		1EE97E54232B11CB000FA8E6 /* ValidatingNSToolbarItem.m */ = {isa = PBXFileReference; lastKnownFileType = sourcecode.c.objc; name = ValidatingNSToolbarItem.m; path = Source/ValidatingNSToolbarItem.m; sourceTree = "<group>"; };
		1EEBE840176FEA80003622C3 /* MessageQueue.h */ = {isa = PBXFileReference; fileEncoding = 4; lastKnownFileType = sourcecode.c.h; name = MessageQueue.h; path = Source/MessageQueue.h; sourceTree = "<group>"; };
		1EEBE841176FEA80003622C3 /* MessageQueue.m */ = {isa = PBXFileReference; fileEncoding = 4; lastKnownFileType = sourcecode.c.objc; name = MessageQueue.m; path = Source/MessageQueue.m; sourceTree = "<group>"; };
		1EEBE843176FFE04003622C3 /* ProtocolClient.h */ = {isa = PBXFileReference; fileEncoding = 4; lastKnownFileType = sourcecode.c.h; name = ProtocolClient.h; path = Source/ProtocolClient.h; sourceTree = "<group>"; };
		1EEBE844176FFE04003622C3 /* ProtocolClient.m */ = {isa = PBXFileReference; fileEncoding = 4; lastKnownFileType = sourcecode.c.objc; name = ProtocolClient.m; path = Source/ProtocolClient.m; sourceTree = "<group>"; };
		1EECC0B81BC9B1E700FB22D3 /* DebuggerModel.h */ = {isa = PBXFileReference; fileEncoding = 4; lastKnownFileType = sourcecode.c.h; name = DebuggerModel.h; path = Source/DebuggerModel.h; sourceTree = "<group>"; };
		1EECC0B91BC9B1E700FB22D3 /* DebuggerModel.m */ = {isa = PBXFileReference; fileEncoding = 4; lastKnownFileType = sourcecode.c.objc; name = DebuggerModel.m; path = Source/DebuggerModel.m; sourceTree = "<group>"; };
		1EEE875C0D9DE4B4009CBA7C /* MacGDBp.icns */ = {isa = PBXFileReference; lastKnownFileType = image.icns; name = MacGDBp.icns; path = Icons/MacGDBp.icns; sourceTree = "<group>"; };
		1EFF70C10DFDC018006B9D33 /* BreakpointController.h */ = {isa = PBXFileReference; fileEncoding = 4; lastKnownFileType = sourcecode.c.h; name = BreakpointController.h; path = Source/BreakpointController.h; sourceTree = "<group>"; };
		1EFF70C20DFDC018006B9D33 /* BreakpointController.m */ = {isa = PBXFileReference; fileEncoding = 4; lastKnownFileType = sourcecode.c.objc; name = BreakpointController.m; path = Source/BreakpointController.m; sourceTree = "<group>"; };
		29B97316FDCFA39411CA2CEA /* main.m */ = {isa = PBXFileReference; fileEncoding = 4; lastKnownFileType = sourcecode.c.objc; path = main.m; sourceTree = "<group>"; };
		29B97324FDCFA39411CA2CEA /* AppKit.framework */ = {isa = PBXFileReference; lastKnownFileType = wrapper.framework; name = AppKit.framework; path = /System/Library/Frameworks/AppKit.framework; sourceTree = "<absolute>"; };
		29B97325FDCFA39411CA2CEA /* Foundation.framework */ = {isa = PBXFileReference; lastKnownFileType = wrapper.framework; name = Foundation.framework; path = /System/Library/Frameworks/Foundation.framework; sourceTree = "<absolute>"; };
		32CA4F630368D1EE00C91783 /* MacGDBp_Prefix.pch */ = {isa = PBXFileReference; fileEncoding = 4; lastKnownFileType = sourcecode.c.h; path = MacGDBp_Prefix.pch; sourceTree = "<group>"; };
		8D1107310486CEB800E47090 /* Info.plist */ = {isa = PBXFileReference; fileEncoding = 4; lastKnownFileType = text.plist; path = Info.plist; sourceTree = "<group>"; };
		8D1107320486CEB800E47090 /* MacGDBp.app */ = {isa = PBXFileReference; explicitFileType = wrapper.application; includeInIndex = 0; path = MacGDBp.app; sourceTree = BUILT_PRODUCTS_DIR; };
/* End PBXFileReference section */

/* Begin PBXFrameworksBuildPhase section */
		1E8C70941BDB167F00D333DC /* Frameworks */ = {
			isa = PBXFrameworksBuildPhase;
			buildActionMask = 2147483647;
			files = (
				1E87EFD7232B809A00FF6348 /* Cocoa.framework in Frameworks */,
			);
			runOnlyForDeploymentPostprocessing = 0;
		};
		8D11072E0486CEB800E47090 /* Frameworks */ = {
			isa = PBXFrameworksBuildPhase;
			buildActionMask = 2147483647;
			files = (
				8D11072F0486CEB800E47090 /* Cocoa.framework in Frameworks */,
				1E9583200E2531BD001A3D89 /* Sparkle.framework in Frameworks */,
			);
			runOnlyForDeploymentPostprocessing = 0;
		};
/* End PBXFrameworksBuildPhase section */

/* Begin PBXGroup section */
		080E96DDFE201D6D7F000001 /* Classes */ = {
			isa = PBXGroup;
			children = (
				1E02C3D30C60EC2C006F1752 /* AppDelegate.h */,
				1E02C3D40C60EC2C006F1752 /* AppDelegate.m */,
				1E9582640E252480001A3D89 /* Preferences */,
				1EEBE83F176FEA5C003622C3 /* Protocol */,
				1E1E52C10DF9B1FB00D334F9 /* Connection */,
				1EB7BEB90ECF3BC60033283A /* Debugger */,
				1E1E52C00DF9B1E700D334F9 /* Breakpoints */,
				1E71886C0D839F6C00969277 /* Source View */,
			);
			name = Classes;
			sourceTree = "<group>";
		};
		1058C7A0FEA54F0111CA2CBB /* Linked Frameworks */ = {
			isa = PBXGroup;
			children = (
				1E95831F0E2531BD001A3D89 /* Sparkle.framework */,
				1058C7A1FEA54F0111CA2CBB /* Cocoa.framework */,
			);
			name = "Linked Frameworks";
			sourceTree = "<group>";
		};
		1058C7A2FEA54F0111CA2CBB /* Other Frameworks */ = {
			isa = PBXGroup;
			children = (
				29B97324FDCFA39411CA2CEA /* AppKit.framework */,
				13E42FB307B3F0F600E4EEF1 /* CoreData.framework */,
				29B97325FDCFA39411CA2CEA /* Foundation.framework */,
			);
			name = "Other Frameworks";
			sourceTree = "<group>";
		};
		19C28FACFE9D520D11CA2CBB /* Products */ = {
			isa = PBXGroup;
			children = (
				8D1107320486CEB800E47090 /* MacGDBp.app */,
				1E8C70971BDB167F00D333DC /* MacGDBp-Tests.xctest */,
			);
			name = Products;
			sourceTree = "<group>";
		};
		1E027F0D0D36F24200885DEE /* Toolbar Icons */ = {
			isa = PBXGroup;
			children = (
				1EBE15B52438143B006D0D07 /* StepOutTemplate.png */,
				1EBE15B42438143B006D0D07 /* StepOverTemplate.png */,
				1EBE15B224381342006D0D07 /* StepInTemplate.png */,
				1E2F0A6812D5371B00EBF675 /* Stop.png */,
				1E0AFBB80FC2518700C67031 /* HUDIcon.png */,
				1E027F080D36F23F00885DEE /* Run.png */,
			);
			name = "Toolbar Icons";
			sourceTree = "<group>";
		};
		1E1E52C00DF9B1E700D334F9 /* Breakpoints */ = {
			isa = PBXGroup;
			children = (
				1E822CDB0DA28AC30027A23F /* Breakpoint.h */,
				1E822CDC0DA28AC30027A23F /* Breakpoint.m */,
				1E4C7AF70DA401C7000A9DC7 /* BreakpointManager.h */,
				1E4C7AF80DA401C7000A9DC7 /* BreakpointManager.m */,
				1EFF70C10DFDC018006B9D33 /* BreakpointController.h */,
				1EFF70C20DFDC018006B9D33 /* BreakpointController.m */,
			);
			name = Breakpoints;
			sourceTree = "<group>";
		};
		1E1E52C10DF9B1FB00D334F9 /* Connection */ = {
			isa = PBXGroup;
			children = (
				1E02C56F0C610158006F1752 /* DebuggerBackEnd.h */,
				1E02C5700C610158006F1752 /* DebuggerBackEnd.m */,
				1E35FFB00C65A74C0030F527 /* NSXMLElementAdditions.h */,
				1E35FC750C6579CA0030F527 /* NSXMLElementAdditions.m */,
				1E6B5945116106FE001189D2 /* LoggingController.h */,
				1E6B5946116106FE001189D2 /* LoggingController.m */,
			);
			name = Connection;
			sourceTree = "<group>";
		};
		1E416FFB0D36F827009A53A2 /* Interfaces */ = {
			isa = PBXGroup;
			children = (
				1E416FF60D36F821009A53A2 /* MainMenu.xib */,
				1EEBFBE30D34C793008F835B /* Debugger.xib */,
				1E108E41136CC9A0002E34E0 /* Eval.xib */,
				1E1E53010DF9B89800D334F9 /* Breakpoints.xib */,
				1E9582600E252474001A3D89 /* Preferences.xib */,
				1E6B594A11610993001189D2 /* Log.xib */,
				1E9C3059239D6DC600EFE30E /* FileAccess.xib */,
			);
			name = Interfaces;
			sourceTree = "<group>";
		};
		1E71886C0D839F6C00969277 /* Source View */ = {
			isa = PBXGroup;
			children = (
				1E7188640D839F6300969277 /* BSSourceView.h */,
				1E7188650D839F6300969277 /* BSSourceView.mm */,
				1EDA9CF612DD13B300596211 /* BSLineNumberRulerView.h */,
				1EDA9CF712DD13B300596211 /* BSLineNumberRulerView.mm */,
				1E1181481319805E003BFEF1 /* BSSourceViewTextView.h */,
				1E1181491319805E003BFEF1 /* BSSourceViewTextView.m */,
			);
			name = "Source View";
			sourceTree = "<group>";
		};
		1E9582640E252480001A3D89 /* Preferences */ = {
			isa = PBXGroup;
			children = (
				1E3F9D951CBAB589005D896B /* PreferenceNames.h */,
				1E3F9D931CBAB57B005D896B /* PreferenceNames.m */,
				1E9582650E2524AD001A3D89 /* PreferencesController.h */,
				1E9582660E2524AD001A3D89 /* PreferencesController.m */,
				1E67E6FB0F3C052000E68F1B /* PreferencesPathsArrayController.h */,
				1E67E6FC0F3C052000E68F1B /* PreferencesPathsArrayController.m */,
				1E9C305D239D6E4200EFE30E /* FileAccessController.h */,
				1E9C305E239D6E4200EFE30E /* FileAccessController.m */,
			);
			name = Preferences;
			sourceTree = "<group>";
		};
		1EB7BEB90ECF3BC60033283A /* Debugger */ = {
			isa = PBXGroup;
			children = (
				1EECC0B81BC9B1E700FB22D3 /* DebuggerModel.h */,
				1EECC0B91BC9B1E700FB22D3 /* DebuggerModel.m */,
				1E8C70A11BDB16A900D333DC /* DebuggerModelTest.m */,
				1E02C5F40C610724006F1752 /* DebuggerController.h */,
				1E02C5F50C610724006F1752 /* DebuggerController.m */,
				1E108E3E136CC8B9002E34E0 /* EvalController.h */,
				1E108E3F136CC8B9002E34E0 /* EvalController.m */,
				1EB7BED30ECF3CA90033283A /* StackFrame.h */,
				1EB7BED40ECF3CA90033283A /* StackFrame.m */,
				1EC1337C127DBB00007946FC /* VariableNode.h */,
				1EC1337D127DBB00007946FC /* VariableNode.m */,
				1E109017136DD92D002E34E0 /* StripLineBreaksValueTransformer.h */,
				1E109018136DD92D002E34E0 /* StripLineBreaksValueTransformer.m */,
				1EE97E53232B11CB000FA8E6 /* ValidatingNSToolbarItem.h */,
				1EE97E54232B11CB000FA8E6 /* ValidatingNSToolbarItem.m */,
			);
			name = Debugger;
			sourceTree = "<group>";
		};
		1EEBE83F176FEA5C003622C3 /* Protocol */ = {
			isa = PBXGroup;
			children = (
				1EEBE840176FEA80003622C3 /* MessageQueue.h */,
				1EEBE841176FEA80003622C3 /* MessageQueue.m */,
				1EEBE843176FFE04003622C3 /* ProtocolClient.h */,
				1EEBE844176FFE04003622C3 /* ProtocolClient.m */,
				1E5C32A8177296DF00F4377B /* BSProtocolThreadInvoker.h */,
				1E5C32A9177296DF00F4377B /* BSProtocolThreadInvoker.m */,
			);
			name = Protocol;
			sourceTree = "<group>";
		};
		29B97314FDCFA39411CA2CEA /* MacGDBp */ = {
			isa = PBXGroup;
			children = (
				080E96DDFE201D6D7F000001 /* Classes */,
				29B97315FDCFA39411CA2CEA /* Other Sources */,
				29B97317FDCFA39411CA2CEA /* Resources */,
				29B97323FDCFA39411CA2CEA /* Frameworks */,
				19C28FACFE9D520D11CA2CBB /* Products */,
			);
			name = MacGDBp;
			sourceTree = "<group>";
		};
		29B97315FDCFA39411CA2CEA /* Other Sources */ = {
			isa = PBXGroup;
			children = (
				32CA4F630368D1EE00C91783 /* MacGDBp_Prefix.pch */,
				29B97316FDCFA39411CA2CEA /* main.m */,
			);
			name = "Other Sources";
			sourceTree = "<group>";
		};
		29B97317FDCFA39411CA2CEA /* Resources */ = {
			isa = PBXGroup;
			children = (
				1EEE875C0D9DE4B4009CBA7C /* MacGDBp.icns */,
				1E42F1D60F53317B008412DB /* dsa_pub.pem */,
				1E416FFB0D36F827009A53A2 /* Interfaces */,
				1E027F0D0D36F24200885DEE /* Toolbar Icons */,
				1ED58817231CC66000F0A713 /* MacGDBp.entitlements */,
				8D1107310486CEB800E47090 /* Info.plist */,
				089C165CFE840E0CC02AAC07 /* InfoPlist.strings */,
				1E8C709B1BDB167F00D333DC /* UnitTests-Info.plist */,
			);
			name = Resources;
			sourceTree = "<group>";
		};
		29B97323FDCFA39411CA2CEA /* Frameworks */ = {
			isa = PBXGroup;
			children = (
				1E87EFD6232B809A00FF6348 /* Cocoa.framework */,
				1E87EFD2232B805800FF6348 /* AppKit.framework */,
				1058C7A0FEA54F0111CA2CBB /* Linked Frameworks */,
				1058C7A2FEA54F0111CA2CBB /* Other Frameworks */,
			);
			name = Frameworks;
			sourceTree = "<group>";
		};
/* End PBXGroup section */

/* Begin PBXNativeTarget section */
		1E8C70961BDB167F00D333DC /* MacGDBp-Tests */ = {
			isa = PBXNativeTarget;
			buildConfigurationList = 1E8C709E1BDB167F00D333DC /* Build configuration list for PBXNativeTarget "MacGDBp-Tests" */;
			buildPhases = (
				1E8C70931BDB167F00D333DC /* Sources */,
				1E8C70941BDB167F00D333DC /* Frameworks */,
				1E8C70951BDB167F00D333DC /* Resources */,
			);
			buildRules = (
			);
			dependencies = (
				1E8C709D1BDB167F00D333DC /* PBXTargetDependency */,
			);
			name = "MacGDBp-Tests";
			productName = "MacGDBp-Tests";
			productReference = 1E8C70971BDB167F00D333DC /* MacGDBp-Tests.xctest */;
			productType = "com.apple.product-type.bundle.unit-test";
		};
		8D1107260486CEB800E47090 /* MacGDBp */ = {
			isa = PBXNativeTarget;
			buildConfigurationList = C01FCF4A08A954540054247B /* Build configuration list for PBXNativeTarget "MacGDBp" */;
			buildPhases = (
				8D1107290486CEB800E47090 /* Resources */,
				8D11072C0486CEB800E47090 /* Sources */,
				1E9583550E2531E7001A3D89 /* CopyFiles */,
				8D11072E0486CEB800E47090 /* Frameworks */,
				1EC64A5723C14C8600F21F46 /* ShellScript */,
			);
			buildRules = (
			);
			dependencies = (
			);
			name = MacGDBp;
			productInstallPath = "$(HOME)/Applications";
			productName = MacGDBp;
			productReference = 8D1107320486CEB800E47090 /* MacGDBp.app */;
			productType = "com.apple.product-type.application";
		};
/* End PBXNativeTarget section */

/* Begin PBXProject section */
		29B97313FDCFA39411CA2CEA /* Project object */ = {
			isa = PBXProject;
			attributes = {
				LastUpgradeCheck = 1010;
				TargetAttributes = {
					1E8C70961BDB167F00D333DC = {
						CreatedOnToolsVersion = 7.0.1;
					};
					8D1107260486CEB800E47090 = {
						SystemCapabilities = {
							com.apple.Sandbox = {
								enabled = 1;
							};
						};
					};
				};
			};
			buildConfigurationList = C01FCF4E08A954540054247B /* Build configuration list for PBXProject "MacGDBp" */;
			compatibilityVersion = "Xcode 3.2";
			developmentRegion = en;
			hasScannedForEncodings = 1;
			knownRegions = (
				en,
			);
			mainGroup = 29B97314FDCFA39411CA2CEA /* MacGDBp */;
			projectDirPath = "";
			projectRoot = "";
			targets = (
				8D1107260486CEB800E47090 /* MacGDBp */,
				1E8C70961BDB167F00D333DC /* MacGDBp-Tests */,
			);
		};
/* End PBXProject section */

/* Begin PBXResourcesBuildPhase section */
		1E8C70951BDB167F00D333DC /* Resources */ = {
			isa = PBXResourcesBuildPhase;
			buildActionMask = 2147483647;
			files = (
			);
			runOnlyForDeploymentPostprocessing = 0;
		};
		8D1107290486CEB800E47090 /* Resources */ = {
			isa = PBXResourcesBuildPhase;
			buildActionMask = 2147483647;
			files = (
				1E42F1D70F53317B008412DB /* dsa_pub.pem in Resources */,
				1E9C305B239D6DC600EFE30E /* FileAccess.xib in Resources */,
				8D11072B0486CEB800E47090 /* InfoPlist.strings in Resources */,
				1EEBFBE50D34C793008F835B /* Debugger.xib in Resources */,
				1EBE15B62438143B006D0D07 /* StepOverTemplate.png in Resources */,
				1EBE15B324381342006D0D07 /* StepInTemplate.png in Resources */,
				1E027F0A0D36F23F00885DEE /* Run.png in Resources */,
				1E416FF90D36F821009A53A2 /* MainMenu.xib in Resources */,
				1EEE875D0D9DE4B4009CBA7C /* MacGDBp.icns in Resources */,
				1E1E53030DF9B89800D334F9 /* Breakpoints.xib in Resources */,
				1EBE15B72438143B006D0D07 /* StepOutTemplate.png in Resources */,
				1E9582620E252474001A3D89 /* Preferences.xib in Resources */,
				1E0AFBB90FC2518700C67031 /* HUDIcon.png in Resources */,
				1E6B594C11610993001189D2 /* Log.xib in Resources */,
				1E2F0A6912D5371C00EBF675 /* Stop.png in Resources */,
				1E108E43136CC9A0002E34E0 /* Eval.xib in Resources */,
			);
			runOnlyForDeploymentPostprocessing = 0;
		};
/* End PBXResourcesBuildPhase section */

/* Begin PBXShellScriptBuildPhase section */
		1EC64A5723C14C8600F21F46 /* ShellScript */ = {
			isa = PBXShellScriptBuildPhase;
			buildActionMask = 2147483647;
			files = (
			);
			inputFileListPaths = (
			);
			inputPaths = (
				"$(TARGET_BUILD_DIR)/$(CONTENTS_FOLDER_PATH)/Frameworks/Sparkle.framework/Headers",
			);
			outputFileListPaths = (
			);
			outputPaths = (
			);
			runOnlyForDeploymentPostprocessing = 0;
			shellPath = /bin/sh;
			shellScript = "set -ex\n\nSPARKLE_PATH=\"${TARGET_BUILD_DIR}/${CONTENTS_FOLDER_PATH}/Frameworks/Sparkle.framework\"\n\nfind \"${SPARKLE_PATH}\" \\( -type d -or -type l \\) -and \\( -name Headers -or -name PrivateHeaders \\) -exec rm -r {} +\n";
		};
/* End PBXShellScriptBuildPhase section */

/* Begin PBXSourcesBuildPhase section */
		1E8C70931BDB167F00D333DC /* Sources */ = {
			isa = PBXSourcesBuildPhase;
			buildActionMask = 2147483647;
			files = (
				1E87EFD1232B800900FF6348 /* BreakpointManager.m in Sources */,
				1E8C70A41BDB183300D333DC /* StackFrame.m in Sources */,
				1E8C70A21BDB16A900D333DC /* DebuggerModelTest.m in Sources */,
				1E87EFD5232B807000FF6348 /* PreferenceNames.m in Sources */,
				1E8C70A31BDB173A00D333DC /* DebuggerModel.m in Sources */,
				1E87EFD4232B806D00FF6348 /* Breakpoint.m in Sources */,
			);
			runOnlyForDeploymentPostprocessing = 0;
		};
		8D11072C0486CEB800E47090 /* Sources */ = {
			isa = PBXSourcesBuildPhase;
			buildActionMask = 2147483647;
			files = (
				8D11072D0486CEB800E47090 /* main.m in Sources */,
				1E02C3D50C60EC2C006F1752 /* AppDelegate.m in Sources */,
				1E02C5710C610158006F1752 /* DebuggerBackEnd.m in Sources */,
				1E02C5F60C610724006F1752 /* DebuggerController.m in Sources */,
				1E35FC760C6579CA0030F527 /* NSXMLElementAdditions.m in Sources */,
				1E3F9D941CBAB57B005D896B /* PreferenceNames.m in Sources */,
				1E7188690D839F6300969277 /* BSSourceView.mm in Sources */,
				1E822CDD0DA28AC30027A23F /* Breakpoint.m in Sources */,
				1E4C7AF90DA401C7000A9DC7 /* BreakpointManager.m in Sources */,
				1EFF70C30DFDC018006B9D33 /* BreakpointController.m in Sources */,
				1E9582670E2524AD001A3D89 /* PreferencesController.m in Sources */,
				1EB7BED50ECF3CA90033283A /* StackFrame.m in Sources */,
				1E67E6FD0F3C052000E68F1B /* PreferencesPathsArrayController.m in Sources */,
				1EECC0BA1BC9B1E800FB22D3 /* DebuggerModel.m in Sources */,
				1E6B5947116106FE001189D2 /* LoggingController.m in Sources */,
				1EC1337E127DBB00007946FC /* VariableNode.m in Sources */,
				1EDA9CF812DD13B300596211 /* BSLineNumberRulerView.mm in Sources */,
				1E11814A1319805E003BFEF1 /* BSSourceViewTextView.m in Sources */,
				1EE97E55232B11CB000FA8E6 /* ValidatingNSToolbarItem.m in Sources */,
				1E9C305F239D6E4200EFE30E /* FileAccessController.m in Sources */,
				1E108E40136CC8B9002E34E0 /* EvalController.m in Sources */,
				1E109019136DD92D002E34E0 /* StripLineBreaksValueTransformer.m in Sources */,
				1EEBE842176FEA80003622C3 /* MessageQueue.m in Sources */,
				1EEBE845176FFE04003622C3 /* ProtocolClient.m in Sources */,
				1E5C32AA177296DF00F4377B /* BSProtocolThreadInvoker.m in Sources */,
			);
			runOnlyForDeploymentPostprocessing = 0;
		};
/* End PBXSourcesBuildPhase section */

/* Begin PBXTargetDependency section */
		1E8C709D1BDB167F00D333DC /* PBXTargetDependency */ = {
			isa = PBXTargetDependency;
			target = 8D1107260486CEB800E47090 /* MacGDBp */;
			targetProxy = 1E8C709C1BDB167F00D333DC /* PBXContainerItemProxy */;
		};
/* End PBXTargetDependency section */

/* Begin PBXVariantGroup section */
		089C165CFE840E0CC02AAC07 /* InfoPlist.strings */ = {
			isa = PBXVariantGroup;
			children = (
				1E9C3052239C3BED00EFE30E /* en */,
			);
			name = InfoPlist.strings;
			sourceTree = "<group>";
		};
		1E108E41136CC9A0002E34E0 /* Eval.xib */ = {
			isa = PBXVariantGroup;
			children = (
				1E9C3055239C3BED00EFE30E /* en */,
			);
			name = Eval.xib;
			sourceTree = "<group>";
		};
		1E1E53010DF9B89800D334F9 /* Breakpoints.xib */ = {
			isa = PBXVariantGroup;
			children = (
				1E9C3053239C3BED00EFE30E /* en */,
			);
			name = Breakpoints.xib;
			sourceTree = "<group>";
		};
		1E416FF60D36F821009A53A2 /* MainMenu.xib */ = {
			isa = PBXVariantGroup;
			children = (
				1E9C3057239C3BED00EFE30E /* en */,
			);
			name = MainMenu.xib;
			sourceTree = "<group>";
		};
		1E6B594A11610993001189D2 /* Log.xib */ = {
			isa = PBXVariantGroup;
			children = (
				1E9C3056239C3BED00EFE30E /* en */,
			);
			name = Log.xib;
			sourceTree = "<group>";
		};
		1E9582600E252474001A3D89 /* Preferences.xib */ = {
			isa = PBXVariantGroup;
			children = (
				1E9C3058239C3BEE00EFE30E /* en */,
			);
			name = Preferences.xib;
			sourceTree = "<group>";
		};
		1E9C3059239D6DC600EFE30E /* FileAccess.xib */ = {
			isa = PBXVariantGroup;
			children = (
				1E9C305A239D6DC600EFE30E /* en */,
			);
			name = FileAccess.xib;
			sourceTree = "<group>";
		};
		1EEBFBE30D34C793008F835B /* Debugger.xib */ = {
			isa = PBXVariantGroup;
			children = (
				1E9C3054239C3BED00EFE30E /* en */,
			);
			name = Debugger.xib;
			sourceTree = "<group>";
		};
/* End PBXVariantGroup section */

/* Begin XCBuildConfiguration section */
		1E8C709F1BDB167F00D333DC /* Debug */ = {
			isa = XCBuildConfiguration;
			buildSettings = {
				CLANG_ENABLE_OBJC_ARC = YES;
				CLANG_ENABLE_OBJC_WEAK = YES;
				COMBINE_HIDPI_IMAGES = YES;
				COPY_PHASE_STRIP = NO;
				DEBUG_INFORMATION_FORMAT = dwarf;
				ENABLE_STRICT_OBJC_MSGSEND = YES;
				ENABLE_TESTABILITY = YES;
				GCC_NO_COMMON_BLOCKS = YES;
				GCC_OPTIMIZATION_LEVEL = 0;
				GCC_PREPROCESSOR_DEFINITIONS = (
					"DEBUG=1",
					"$(inherited)",
				);
				HEADER_SEARCH_PATHS = "$(SRCROOT)/Source";
				INFOPLIST_FILE = "UnitTests-Info.plist";
				MTL_ENABLE_DEBUG_INFO = YES;
				ONLY_ACTIVE_ARCH = YES;
				PRODUCT_BUNDLE_IDENTIFIER = "org.bluestatic.MacGDBp-Tests";
				PRODUCT_NAME = "$(TARGET_NAME)";
			};
			name = Debug;
		};
		1E8C70A01BDB167F00D333DC /* Release */ = {
			isa = XCBuildConfiguration;
			buildSettings = {
				CLANG_ENABLE_OBJC_ARC = YES;
				CLANG_ENABLE_OBJC_WEAK = YES;
				COMBINE_HIDPI_IMAGES = YES;
				COPY_PHASE_STRIP = NO;
				DEBUG_INFORMATION_FORMAT = "dwarf-with-dsym";
				ENABLE_NS_ASSERTIONS = NO;
				ENABLE_STRICT_OBJC_MSGSEND = YES;
				GCC_NO_COMMON_BLOCKS = YES;
				HEADER_SEARCH_PATHS = "$(SRCROOT)/Source";
				INFOPLIST_FILE = "UnitTests-Info.plist";
				MTL_ENABLE_DEBUG_INFO = NO;
				PRODUCT_BUNDLE_IDENTIFIER = "org.bluestatic.MacGDBp-Tests";
				PRODUCT_NAME = "$(TARGET_NAME)";
			};
			name = Release;
		};
		1EFE883423A6C5CF004202A7 /* Release-AppSandbox */ = {
			isa = XCBuildConfiguration;
			buildSettings = {
				CLANG_ANALYZER_LOCALIZABILITY_NONLOCALIZED = YES;
				CLANG_CXX_LANGUAGE_STANDARD = "c++0x";
				CLANG_WARN_BLOCK_CAPTURE_AUTORELEASING = YES;
				CLANG_WARN_BOOL_CONVERSION = YES;
				CLANG_WARN_COMMA = YES;
				CLANG_WARN_CONSTANT_CONVERSION = YES;
				CLANG_WARN_DEPRECATED_OBJC_IMPLEMENTATIONS = YES;
				CLANG_WARN_EMPTY_BODY = YES;
				CLANG_WARN_ENUM_CONVERSION = YES;
				CLANG_WARN_INFINITE_RECURSION = YES;
				CLANG_WARN_INT_CONVERSION = YES;
				CLANG_WARN_NON_LITERAL_NULL_CONVERSION = YES;
				CLANG_WARN_OBJC_IMPLICIT_RETAIN_SELF = YES;
				CLANG_WARN_OBJC_LITERAL_CONVERSION = YES;
				CLANG_WARN_RANGE_LOOP_ANALYSIS = YES;
				CLANG_WARN_STRICT_PROTOTYPES = YES;
				CLANG_WARN_SUSPICIOUS_MOVE = YES;
				CLANG_WARN_UNREACHABLE_CODE = YES;
				CLANG_WARN__DUPLICATE_METHOD_MATCH = YES;
				ENABLE_STRICT_OBJC_MSGSEND = YES;
				GCC_C_LANGUAGE_STANDARD = c99;
				GCC_NO_COMMON_BLOCKS = YES;
				GCC_WARN_64_TO_32_BIT_CONVERSION = YES;
				GCC_WARN_ABOUT_RETURN_TYPE = YES;
				GCC_WARN_UNDECLARED_SELECTOR = YES;
				GCC_WARN_UNINITIALIZED_AUTOS = YES;
				GCC_WARN_UNUSED_FUNCTION = YES;
				GCC_WARN_UNUSED_VARIABLE = YES;
				MACOSX_DEPLOYMENT_TARGET = 10.9;
				SDKROOT = macosx;
				USE_HEADERMAP = NO;
			};
			name = "Release-AppSandbox";
		};
		1EFE883523A6C5CF004202A7 /* Release-AppSandbox */ = {
			isa = XCBuildConfiguration;
			buildSettings = {
				CLANG_ENABLE_OBJC_ARC = YES;
				CLANG_ENABLE_OBJC_WEAK = YES;
				CODE_SIGN_ENTITLEMENTS = MacGDBp.entitlements;
				COMBINE_HIDPI_IMAGES = YES;
				CURRENT_PROJECT_VERSION = 203.0;
				FRAMEWORK_SEARCH_PATHS = (
					"$(inherited)",
					"$(SRCROOT)",
				);
				GCC_GENERATE_DEBUGGING_SYMBOLS = NO;
				GCC_PREPROCESSOR_DEFINITIONS = "USE_APP_SANDBOX=$(MACGDBP_APP_SANDBOX)";
				INFOPLIST_FILE = Info.plist;
				INSTALL_PATH = "$(HOME)/Applications";
				LD_RUNPATH_SEARCH_PATHS = "@loader_path/../Frameworks";
				MACGDBP_APP_SANDBOX = 1;
				MARKETING_VERSION = 2.0.3;
				PRODUCT_BUNDLE_IDENTIFIER = org.bluestatic.macgdbp;
				PRODUCT_NAME = MacGDBp;
				VERSIONING_SYSTEM = "apple-generic";
				WRAPPER_EXTENSION = app;
			};
			name = "Release-AppSandbox";
		};
		1EFE883623A6C5CF004202A7 /* Release-AppSandbox */ = {
			isa = XCBuildConfiguration;
			buildSettings = {
				CLANG_ENABLE_OBJC_ARC = YES;
				CLANG_ENABLE_OBJC_WEAK = YES;
				COMBINE_HIDPI_IMAGES = YES;
				COPY_PHASE_STRIP = NO;
				DEBUG_INFORMATION_FORMAT = "dwarf-with-dsym";
				ENABLE_NS_ASSERTIONS = NO;
				ENABLE_STRICT_OBJC_MSGSEND = YES;
				GCC_NO_COMMON_BLOCKS = YES;
				HEADER_SEARCH_PATHS = "$(SRCROOT)/Source";
				INFOPLIST_FILE = "UnitTests-Info.plist";
				MTL_ENABLE_DEBUG_INFO = NO;
				PRODUCT_BUNDLE_IDENTIFIER = "org.bluestatic.MacGDBp-Tests";
				PRODUCT_NAME = "$(TARGET_NAME)";
			};
			name = "Release-AppSandbox";
		};
		C01FCF4B08A954540054247B /* Debug */ = {
			isa = XCBuildConfiguration;
			buildSettings = {
				CLANG_ENABLE_OBJC_ARC = YES;
				CLANG_ENABLE_OBJC_WEAK = YES;
				COMBINE_HIDPI_IMAGES = YES;
				COPY_PHASE_STRIP = NO;
				CURRENT_PROJECT_VERSION = 203.0;
				FRAMEWORK_SEARCH_PATHS = (
					"$(inherited)",
					"$(SRCROOT)",
				);
				GCC_OPTIMIZATION_LEVEL = 0;
				GCC_PREPROCESSOR_DEFINITIONS = "USE_APP_SANDBOX=$(MACGDBP_APP_SANDBOX)";
				INFOPLIST_FILE = Info.plist;
				INSTALL_PATH = "$(HOME)/Applications";
				LD_RUNPATH_SEARCH_PATHS = "@loader_path/../Frameworks";
				MACGDBP_APP_SANDBOX = 0;
				MARKETING_VERSION = 2.0.3;
				PRODUCT_BUNDLE_IDENTIFIER = org.bluestatic.macgdbp;
				PRODUCT_NAME = MacGDBp;
				VERSIONING_SYSTEM = "apple-generic";
				WRAPPER_EXTENSION = app;
			};
			name = Debug;
		};
		C01FCF4C08A954540054247B /* Release */ = {
			isa = XCBuildConfiguration;
			buildSettings = {
				CLANG_ENABLE_OBJC_ARC = YES;
				CLANG_ENABLE_OBJC_WEAK = YES;
				CODE_SIGN_IDENTITY = "";
				CODE_SIGN_STYLE = Manual;
				COMBINE_HIDPI_IMAGES = YES;
				CURRENT_PROJECT_VERSION = 203.0;
				FRAMEWORK_SEARCH_PATHS = (
					"$(inherited)",
					"$(SRCROOT)",
				);
				GCC_PREPROCESSOR_DEFINITIONS = "USE_APP_SANDBOX=$(MACGDBP_APP_SANDBOX)";
				INFOPLIST_FILE = Info.plist;
				INSTALL_PATH = "$(HOME)/Applications";
				LD_RUNPATH_SEARCH_PATHS = "@loader_path/../Frameworks";
				MACGDBP_APP_SANDBOX = 0;
				MARKETING_VERSION = 2.0.3;
				PRODUCT_BUNDLE_IDENTIFIER = org.bluestatic.macgdbp;
				PRODUCT_NAME = MacGDBp;
				VERSIONING_SYSTEM = "apple-generic";
				WRAPPER_EXTENSION = app;
			};
			name = Release;
		};
		C01FCF4F08A954540054247B /* Debug */ = {
			isa = XCBuildConfiguration;
			buildSettings = {
				CLANG_ANALYZER_LOCALIZABILITY_NONLOCALIZED = YES;
				CLANG_CXX_LANGUAGE_STANDARD = "c++0x";
				CLANG_WARN_BLOCK_CAPTURE_AUTORELEASING = YES;
				CLANG_WARN_BOOL_CONVERSION = YES;
				CLANG_WARN_COMMA = YES;
				CLANG_WARN_CONSTANT_CONVERSION = YES;
				CLANG_WARN_DEPRECATED_OBJC_IMPLEMENTATIONS = YES;
				CLANG_WARN_EMPTY_BODY = YES;
				CLANG_WARN_ENUM_CONVERSION = YES;
				CLANG_WARN_INFINITE_RECURSION = YES;
				CLANG_WARN_INT_CONVERSION = YES;
				CLANG_WARN_NON_LITERAL_NULL_CONVERSION = YES;
				CLANG_WARN_OBJC_IMPLICIT_RETAIN_SELF = YES;
				CLANG_WARN_OBJC_LITERAL_CONVERSION = YES;
				CLANG_WARN_RANGE_LOOP_ANALYSIS = YES;
				CLANG_WARN_STRICT_PROTOTYPES = YES;
				CLANG_WARN_SUSPICIOUS_MOVE = YES;
				CLANG_WARN_UNREACHABLE_CODE = YES;
				CLANG_WARN__DUPLICATE_METHOD_MATCH = YES;
				ENABLE_STRICT_OBJC_MSGSEND = YES;
				ENABLE_TESTABILITY = YES;
				GCC_C_LANGUAGE_STANDARD = c99;
				GCC_NO_COMMON_BLOCKS = YES;
				GCC_WARN_64_TO_32_BIT_CONVERSION = YES;
				GCC_WARN_ABOUT_RETURN_TYPE = YES;
				GCC_WARN_SIGN_COMPARE = YES;
				GCC_WARN_UNDECLARED_SELECTOR = YES;
				GCC_WARN_UNINITIALIZED_AUTOS = YES;
				GCC_WARN_UNUSED_FUNCTION = YES;
				GCC_WARN_UNUSED_VARIABLE = YES;
				MACOSX_DEPLOYMENT_TARGET = 10.9;
				ONLY_ACTIVE_ARCH = YES;
				SDKROOT = macosx;
				USE_HEADERMAP = NO;
			};
			name = Debug;
		};
		C01FCF5008A954540054247B /* Release */ = {
			isa = XCBuildConfiguration;
			buildSettings = {
				CLANG_ANALYZER_LOCALIZABILITY_NONLOCALIZED = YES;
				CLANG_CXX_LANGUAGE_STANDARD = "c++0x";
				CLANG_WARN_BLOCK_CAPTURE_AUTORELEASING = YES;
				CLANG_WARN_BOOL_CONVERSION = YES;
				CLANG_WARN_COMMA = YES;
				CLANG_WARN_CONSTANT_CONVERSION = YES;
				CLANG_WARN_DEPRECATED_OBJC_IMPLEMENTATIONS = YES;
				CLANG_WARN_EMPTY_BODY = YES;
				CLANG_WARN_ENUM_CONVERSION = YES;
				CLANG_WARN_INFINITE_RECURSION = YES;
				CLANG_WARN_INT_CONVERSION = YES;
				CLANG_WARN_NON_LITERAL_NULL_CONVERSION = YES;
				CLANG_WARN_OBJC_IMPLICIT_RETAIN_SELF = YES;
				CLANG_WARN_OBJC_LITERAL_CONVERSION = YES;
				CLANG_WARN_RANGE_LOOP_ANALYSIS = YES;
				CLANG_WARN_STRICT_PROTOTYPES = YES;
				CLANG_WARN_SUSPICIOUS_MOVE = YES;
				CLANG_WARN_UNREACHABLE_CODE = YES;
				CLANG_WARN__DUPLICATE_METHOD_MATCH = YES;
				DEBUG_INFORMATION_FORMAT = "dwarf-with-dsym";
				ENABLE_STRICT_OBJC_MSGSEND = YES;
				GCC_C_LANGUAGE_STANDARD = c99;
				GCC_NO_COMMON_BLOCKS = YES;
				GCC_WARN_64_TO_32_BIT_CONVERSION = YES;
				GCC_WARN_ABOUT_RETURN_TYPE = YES;
				GCC_WARN_UNDECLARED_SELECTOR = YES;
				GCC_WARN_UNINITIALIZED_AUTOS = YES;
				GCC_WARN_UNUSED_FUNCTION = YES;
				GCC_WARN_UNUSED_VARIABLE = YES;
				MACOSX_DEPLOYMENT_TARGET = 10.9;
				SDKROOT = macosx;
				USE_HEADERMAP = NO;
			};
			name = Release;
		};
/* End XCBuildConfiguration section */

/* Begin XCConfigurationList section */
		1E8C709E1BDB167F00D333DC /* Build configuration list for PBXNativeTarget "MacGDBp-Tests" */ = {
			isa = XCConfigurationList;
			buildConfigurations = (
				1E8C709F1BDB167F00D333DC /* Debug */,
				1E8C70A01BDB167F00D333DC /* Release */,
				1EFE883623A6C5CF004202A7 /* Release-AppSandbox */,
			);
			defaultConfigurationIsVisible = 0;
			defaultConfigurationName = Release;
		};
		C01FCF4A08A954540054247B /* Build configuration list for PBXNativeTarget "MacGDBp" */ = {
			isa = XCConfigurationList;
			buildConfigurations = (
				C01FCF4B08A954540054247B /* Debug */,
				C01FCF4C08A954540054247B /* Release */,
				1EFE883523A6C5CF004202A7 /* Release-AppSandbox */,
			);
			defaultConfigurationIsVisible = 0;
			defaultConfigurationName = Release;
		};
		C01FCF4E08A954540054247B /* Build configuration list for PBXProject "MacGDBp" */ = {
			isa = XCConfigurationList;
			buildConfigurations = (
				C01FCF4F08A954540054247B /* Debug */,
				C01FCF5008A954540054247B /* Release */,
				1EFE883423A6C5CF004202A7 /* Release-AppSandbox */,
			);
			defaultConfigurationIsVisible = 0;
			defaultConfigurationName = Release;
		};
/* End XCConfigurationList section */
	};
	rootObject = 29B97313FDCFA39411CA2CEA /* Project object */;
}
