// !$*UTF8*$!
{
	archiveVersion = 1;
	classes = {
	};
	objectVersion = 42;
	objects = {

/* Begin PBXBuildFile section */
		1E027F0A0D36F23F00885DEE /* Run.png in Resources */ = {isa = PBXBuildFile; fileRef = 1E027F080D36F23F00885DEE /* Run.png */; };
		1E027F0B0D36F23F00885DEE /* StepOver.png in Resources */ = {isa = PBXBuildFile; fileRef = 1E027F090D36F23F00885DEE /* StepOver.png */; };
		1E027F390D36F60800885DEE /* Reconnect.png in Resources */ = {isa = PBXBuildFile; fileRef = 1E027F380D36F60800885DEE /* Reconnect.png */; };
		1E02C3D50C60EC2C006F1752 /* AppDelegate.m in Sources */ = {isa = PBXBuildFile; fileRef = 1E02C3D40C60EC2C006F1752 /* AppDelegate.m */; };
		1E02C4080C60EF3F006F1752 /* ConnectWindowController.m in Sources */ = {isa = PBXBuildFile; fileRef = 1E02C4070C60EF3F006F1752 /* ConnectWindowController.m */; };
		1E02C5710C610158006F1752 /* DebuggerConnection.m in Sources */ = {isa = PBXBuildFile; fileRef = 1E02C5700C610158006F1752 /* DebuggerConnection.m */; };
		1E02C5F60C610724006F1752 /* DebuggerWindowController.m in Sources */ = {isa = PBXBuildFile; fileRef = 1E02C5F50C610724006F1752 /* DebuggerWindowController.m */; };
		1E35FC760C6579CA0030F527 /* NSXMLElementAdditions.m in Sources */ = {isa = PBXBuildFile; fileRef = 1E35FC750C6579CA0030F527 /* NSXMLElementAdditions.m */; };
		1E35FEA10C6599040030F527 /* base64.c in Sources */ = {isa = PBXBuildFile; fileRef = 1E35FEA00C6599040030F527 /* base64.c */; };
		1E416FF80D36F821009A53A2 /* Connect.xib in Resources */ = {isa = PBXBuildFile; fileRef = 1E416FF40D36F821009A53A2 /* Connect.xib */; };
		1E416FF90D36F821009A53A2 /* MainMenu.xib in Resources */ = {isa = PBXBuildFile; fileRef = 1E416FF60D36F821009A53A2 /* MainMenu.xib */; };
		1EEBFBE50D34C793008F835B /* Debugger.xib in Resources */ = {isa = PBXBuildFile; fileRef = 1EEBFBE30D34C793008F835B /* Debugger.xib */; };
		1EEBFC2B0D358EBD008F835B /* StepIn.png in Resources */ = {isa = PBXBuildFile; fileRef = 1EEBFC2A0D358EBD008F835B /* StepIn.png */; };
		1EEBFC370D358F1B008F835B /* StepOut.png in Resources */ = {isa = PBXBuildFile; fileRef = 1EEBFC360D358F1B008F835B /* StepOut.png */; };
		1EEBFD090D3599E8008F835B /* BSSplitView.m in Sources */ = {isa = PBXBuildFile; fileRef = 1EEBFD070D3599E8008F835B /* BSSplitView.m */; };
		1EEBFD120D359A9F008F835B /* dimple.png in Resources */ = {isa = PBXBuildFile; fileRef = 1EEBFD110D359A9F008F835B /* dimple.png */; };
		1EEEE9400C618B70000C0732 /* SocketWrapper.m in Sources */ = {isa = PBXBuildFile; fileRef = 1EEEE93F0C618B70000C0732 /* SocketWrapper.m */; };
		8D11072B0486CEB800E47090 /* InfoPlist.strings in Resources */ = {isa = PBXBuildFile; fileRef = 089C165CFE840E0CC02AAC07 /* InfoPlist.strings */; };
		8D11072D0486CEB800E47090 /* main.m in Sources */ = {isa = PBXBuildFile; fileRef = 29B97316FDCFA39411CA2CEA /* main.m */; settings = {ATTRIBUTES = (); }; };
		8D11072F0486CEB800E47090 /* Cocoa.framework in Frameworks */ = {isa = PBXBuildFile; fileRef = 1058C7A1FEA54F0111CA2CBB /* Cocoa.framework */; };
/* End PBXBuildFile section */

/* Begin PBXFileReference section */
		089C165DFE840E0CC02AAC07 /* English */ = {isa = PBXFileReference; fileEncoding = 10; lastKnownFileType = text.plist.strings; name = English; path = English.lproj/InfoPlist.strings; sourceTree = "<group>"; };
		1058C7A1FEA54F0111CA2CBB /* Cocoa.framework */ = {isa = PBXFileReference; lastKnownFileType = wrapper.framework; name = Cocoa.framework; path = /System/Library/Frameworks/Cocoa.framework; sourceTree = "<absolute>"; };
		13E42FB307B3F0F600E4EEF1 /* CoreData.framework */ = {isa = PBXFileReference; lastKnownFileType = wrapper.framework; name = CoreData.framework; path = /System/Library/Frameworks/CoreData.framework; sourceTree = "<absolute>"; };
		1E027F080D36F23F00885DEE /* Run.png */ = {isa = PBXFileReference; lastKnownFileType = image.png; name = Run.png; path = Icons/Run.png; sourceTree = "<group>"; };
		1E027F090D36F23F00885DEE /* StepOver.png */ = {isa = PBXFileReference; lastKnownFileType = image.png; name = StepOver.png; path = Icons/StepOver.png; sourceTree = "<group>"; };
		1E027F380D36F60800885DEE /* Reconnect.png */ = {isa = PBXFileReference; lastKnownFileType = image.png; name = Reconnect.png; path = Icons/Reconnect.png; sourceTree = "<group>"; };
		1E02C3D30C60EC2C006F1752 /* AppDelegate.h */ = {isa = PBXFileReference; fileEncoding = 4; lastKnownFileType = sourcecode.c.h; name = AppDelegate.h; path = Source/AppDelegate.h; sourceTree = "<group>"; };
		1E02C3D40C60EC2C006F1752 /* AppDelegate.m */ = {isa = PBXFileReference; fileEncoding = 4; lastKnownFileType = sourcecode.c.objc; name = AppDelegate.m; path = Source/AppDelegate.m; sourceTree = "<group>"; };
		1E02C4060C60EF3F006F1752 /* ConnectWindowController.h */ = {isa = PBXFileReference; fileEncoding = 4; lastKnownFileType = sourcecode.c.h; name = ConnectWindowController.h; path = Source/ConnectWindowController.h; sourceTree = "<group>"; };
		1E02C4070C60EF3F006F1752 /* ConnectWindowController.m */ = {isa = PBXFileReference; fileEncoding = 4; lastKnownFileType = sourcecode.c.objc; name = ConnectWindowController.m; path = Source/ConnectWindowController.m; sourceTree = "<group>"; };
		1E02C56F0C610158006F1752 /* DebuggerConnection.h */ = {isa = PBXFileReference; fileEncoding = 4; lastKnownFileType = sourcecode.c.h; name = DebuggerConnection.h; path = Source/DebuggerConnection.h; sourceTree = "<group>"; };
		1E02C5700C610158006F1752 /* DebuggerConnection.m */ = {isa = PBXFileReference; fileEncoding = 4; lastKnownFileType = sourcecode.c.objc; name = DebuggerConnection.m; path = Source/DebuggerConnection.m; sourceTree = "<group>"; };
		1E02C5F40C610724006F1752 /* DebuggerWindowController.h */ = {isa = PBXFileReference; fileEncoding = 4; lastKnownFileType = sourcecode.c.h; name = DebuggerWindowController.h; path = Source/DebuggerWindowController.h; sourceTree = "<group>"; };
		1E02C5F50C610724006F1752 /* DebuggerWindowController.m */ = {isa = PBXFileReference; fileEncoding = 4; lastKnownFileType = sourcecode.c.objc; name = DebuggerWindowController.m; path = Source/DebuggerWindowController.m; sourceTree = "<group>"; };
		1E35FC750C6579CA0030F527 /* NSXMLElementAdditions.m */ = {isa = PBXFileReference; fileEncoding = 30; lastKnownFileType = sourcecode.c.objc; name = NSXMLElementAdditions.m; path = Source/NSXMLElementAdditions.m; sourceTree = "<group>"; };
		1E35FE9F0C6599040030F527 /* base64.h */ = {isa = PBXFileReference; fileEncoding = 4; lastKnownFileType = sourcecode.c.h; name = base64.h; path = Source/base64.h; sourceTree = "<group>"; };
		1E35FEA00C6599040030F527 /* base64.c */ = {isa = PBXFileReference; fileEncoding = 4; lastKnownFileType = sourcecode.c.c; name = base64.c; path = Source/base64.c; sourceTree = "<group>"; };
		1E35FFB00C65A74C0030F527 /* NSXMLElementAdditions.h */ = {isa = PBXFileReference; fileEncoding = 4; lastKnownFileType = sourcecode.c.h; name = NSXMLElementAdditions.h; path = Source/NSXMLElementAdditions.h; sourceTree = "<group>"; };
		1E416FF50D36F821009A53A2 /* English */ = {isa = PBXFileReference; lastKnownFileType = file.xib; name = English; path = English.lproj/Connect.xib; sourceTree = "<group>"; };
		1E416FF70D36F821009A53A2 /* English */ = {isa = PBXFileReference; lastKnownFileType = file.xib; name = English; path = English.lproj/MainMenu.xib; sourceTree = "<group>"; };
		1EEBFBE40D34C793008F835B /* English */ = {isa = PBXFileReference; lastKnownFileType = file.xib; name = English; path = English.lproj/Debugger.xib; sourceTree = "<group>"; };
		1EEBFC2A0D358EBD008F835B /* StepIn.png */ = {isa = PBXFileReference; lastKnownFileType = image.png; name = StepIn.png; path = Icons/StepIn.png; sourceTree = "<group>"; };
		1EEBFC360D358F1B008F835B /* StepOut.png */ = {isa = PBXFileReference; lastKnownFileType = image.png; name = StepOut.png; path = Icons/StepOut.png; sourceTree = "<group>"; };
		1EEBFD070D3599E8008F835B /* BSSplitView.m */ = {isa = PBXFileReference; fileEncoding = 4; lastKnownFileType = sourcecode.c.objc; name = BSSplitView.m; path = Source/BSSplitView.m; sourceTree = "<group>"; };
		1EEBFD080D3599E8008F835B /* BSSplitView.h */ = {isa = PBXFileReference; fileEncoding = 4; lastKnownFileType = sourcecode.c.h; name = BSSplitView.h; path = Source/BSSplitView.h; sourceTree = "<group>"; };
		1EEBFD110D359A9F008F835B /* dimple.png */ = {isa = PBXFileReference; lastKnownFileType = image.png; path = dimple.png; sourceTree = "<group>"; };
		1EEEE93E0C618B70000C0732 /* SocketWrapper.h */ = {isa = PBXFileReference; fileEncoding = 4; lastKnownFileType = sourcecode.c.h; name = SocketWrapper.h; path = Source/SocketWrapper.h; sourceTree = "<group>"; };
		1EEEE93F0C618B70000C0732 /* SocketWrapper.m */ = {isa = PBXFileReference; fileEncoding = 4; lastKnownFileType = sourcecode.c.objc; name = SocketWrapper.m; path = Source/SocketWrapper.m; sourceTree = "<group>"; };
		29B97316FDCFA39411CA2CEA /* main.m */ = {isa = PBXFileReference; fileEncoding = 4; lastKnownFileType = sourcecode.c.objc; path = main.m; sourceTree = "<group>"; };
		29B97324FDCFA39411CA2CEA /* AppKit.framework */ = {isa = PBXFileReference; lastKnownFileType = wrapper.framework; name = AppKit.framework; path = /System/Library/Frameworks/AppKit.framework; sourceTree = "<absolute>"; };
		29B97325FDCFA39411CA2CEA /* Foundation.framework */ = {isa = PBXFileReference; lastKnownFileType = wrapper.framework; name = Foundation.framework; path = /System/Library/Frameworks/Foundation.framework; sourceTree = "<absolute>"; };
		32CA4F630368D1EE00C91783 /* MacGDBp_Prefix.pch */ = {isa = PBXFileReference; fileEncoding = 4; lastKnownFileType = sourcecode.c.h; path = MacGDBp_Prefix.pch; sourceTree = "<group>"; };
		8D1107310486CEB800E47090 /* Info.plist */ = {isa = PBXFileReference; fileEncoding = 4; lastKnownFileType = text.plist; path = Info.plist; sourceTree = "<group>"; };
		8D1107320486CEB800E47090 /* MacGDBp.app */ = {isa = PBXFileReference; explicitFileType = wrapper.application; includeInIndex = 0; path = MacGDBp.app; sourceTree = BUILT_PRODUCTS_DIR; };
/* End PBXFileReference section */

/* Begin PBXFrameworksBuildPhase section */
		8D11072E0486CEB800E47090 /* Frameworks */ = {
			isa = PBXFrameworksBuildPhase;
			buildActionMask = 2147483647;
			files = (
				8D11072F0486CEB800E47090 /* Cocoa.framework in Frameworks */,
			);
			runOnlyForDeploymentPostprocessing = 0;
		};
/* End PBXFrameworksBuildPhase section */

/* Begin PBXGroup section */
		080E96DDFE201D6D7F000001 /* Classes */ = {
			isa = PBXGroup;
			children = (
				1E02C3D30C60EC2C006F1752 /* AppDelegate.h */,
				1E02C3D40C60EC2C006F1752 /* AppDelegate.m */,
				1E02C4060C60EF3F006F1752 /* ConnectWindowController.h */,
				1E02C4070C60EF3F006F1752 /* ConnectWindowController.m */,
				1E02C56F0C610158006F1752 /* DebuggerConnection.h */,
				1E02C5700C610158006F1752 /* DebuggerConnection.m */,
				1E02C5F40C610724006F1752 /* DebuggerWindowController.h */,
				1E02C5F50C610724006F1752 /* DebuggerWindowController.m */,
				1EEEE93E0C618B70000C0732 /* SocketWrapper.h */,
				1EEEE93F0C618B70000C0732 /* SocketWrapper.m */,
				1E35FFB00C65A74C0030F527 /* NSXMLElementAdditions.h */,
				1E35FC750C6579CA0030F527 /* NSXMLElementAdditions.m */,
				1EEBFD080D3599E8008F835B /* BSSplitView.h */,
				1EEBFD070D3599E8008F835B /* BSSplitView.m */,
			);
			name = Classes;
			sourceTree = "<group>";
		};
		1058C7A0FEA54F0111CA2CBB /* Linked Frameworks */ = {
			isa = PBXGroup;
			children = (
				1058C7A1FEA54F0111CA2CBB /* Cocoa.framework */,
			);
			name = "Linked Frameworks";
			sourceTree = "<group>";
		};
		1058C7A2FEA54F0111CA2CBB /* Other Frameworks */ = {
			isa = PBXGroup;
			children = (
				29B97324FDCFA39411CA2CEA /* AppKit.framework */,
				13E42FB307B3F0F600E4EEF1 /* CoreData.framework */,
				29B97325FDCFA39411CA2CEA /* Foundation.framework */,
			);
			name = "Other Frameworks";
			sourceTree = "<group>";
		};
		19C28FACFE9D520D11CA2CBB /* Products */ = {
			isa = PBXGroup;
			children = (
				8D1107320486CEB800E47090 /* MacGDBp.app */,
			);
			name = Products;
			sourceTree = "<group>";
		};
		1E027F0D0D36F24200885DEE /* Toolbar Icons */ = {
			isa = PBXGroup;
			children = (
				1E027F380D36F60800885DEE /* Reconnect.png */,
				1E027F080D36F23F00885DEE /* Run.png */,
				1E027F090D36F23F00885DEE /* StepOver.png */,
				1EEBFC360D358F1B008F835B /* StepOut.png */,
				1EEBFC2A0D358EBD008F835B /* StepIn.png */,
			);
			name = "Toolbar Icons";
			sourceTree = "<group>";
		};
		1E416FFB0D36F827009A53A2 /* Interfaces */ = {
			isa = PBXGroup;
			children = (
				1EEBFBE30D34C793008F835B /* Debugger.xib */,
				1E416FF40D36F821009A53A2 /* Connect.xib */,
				1E416FF60D36F821009A53A2 /* MainMenu.xib */,
			);
			name = Interfaces;
			sourceTree = "<group>";
		};
		29B97314FDCFA39411CA2CEA /* MacGDBp */ = {
			isa = PBXGroup;
			children = (
				080E96DDFE201D6D7F000001 /* Classes */,
				29B97315FDCFA39411CA2CEA /* Other Sources */,
				29B97317FDCFA39411CA2CEA /* Resources */,
				29B97323FDCFA39411CA2CEA /* Frameworks */,
				19C28FACFE9D520D11CA2CBB /* Products */,
			);
			name = MacGDBp;
			sourceTree = "<group>";
		};
		29B97315FDCFA39411CA2CEA /* Other Sources */ = {
			isa = PBXGroup;
			children = (
				32CA4F630368D1EE00C91783 /* MacGDBp_Prefix.pch */,
				29B97316FDCFA39411CA2CEA /* main.m */,
				1E35FE9F0C6599040030F527 /* base64.h */,
				1E35FEA00C6599040030F527 /* base64.c */,
			);
			name = "Other Sources";
			sourceTree = "<group>";
		};
		29B97317FDCFA39411CA2CEA /* Resources */ = {
			isa = PBXGroup;
			children = (
				1E416FFB0D36F827009A53A2 /* Interfaces */,
				1E027F0D0D36F24200885DEE /* Toolbar Icons */,
				1EEBFD110D359A9F008F835B /* dimple.png */,
				8D1107310486CEB800E47090 /* Info.plist */,
				089C165CFE840E0CC02AAC07 /* InfoPlist.strings */,
			);
			name = Resources;
			sourceTree = "<group>";
		};
		29B97323FDCFA39411CA2CEA /* Frameworks */ = {
			isa = PBXGroup;
			children = (
				1058C7A0FEA54F0111CA2CBB /* Linked Frameworks */,
				1058C7A2FEA54F0111CA2CBB /* Other Frameworks */,
			);
			name = Frameworks;
			sourceTree = "<group>";
		};
/* End PBXGroup section */

/* Begin PBXNativeTarget section */
		8D1107260486CEB800E47090 /* MacGDBp */ = {
			isa = PBXNativeTarget;
			buildConfigurationList = C01FCF4A08A954540054247B /* Build configuration list for PBXNativeTarget "MacGDBp" */;
			buildPhases = (
				8D1107290486CEB800E47090 /* Resources */,
				8D11072C0486CEB800E47090 /* Sources */,
				8D11072E0486CEB800E47090 /* Frameworks */,
				1E78FD670C6155EB00D6D005 /* ShellScript */,
			);
			buildRules = (
			);
			dependencies = (
			);
			name = MacGDBp;
			productInstallPath = "$(HOME)/Applications";
			productName = MacGDBp;
			productReference = 8D1107320486CEB800E47090 /* MacGDBp.app */;
			productType = "com.apple.product-type.application";
		};
/* End PBXNativeTarget section */

/* Begin PBXProject section */
		29B97313FDCFA39411CA2CEA /* Project object */ = {
			isa = PBXProject;
			buildConfigurationList = C01FCF4E08A954540054247B /* Build configuration list for PBXProject "MacGDBp" */;
			compatibilityVersion = "Xcode 2.4";
			hasScannedForEncodings = 1;
			mainGroup = 29B97314FDCFA39411CA2CEA /* MacGDBp */;
			projectDirPath = "";
			projectRoot = "";
			targets = (
				8D1107260486CEB800E47090 /* MacGDBp */,
			);
		};
/* End PBXProject section */

/* Begin PBXResourcesBuildPhase section */
		8D1107290486CEB800E47090 /* Resources */ = {
			isa = PBXResourcesBuildPhase;
			buildActionMask = 2147483647;
			files = (
				8D11072B0486CEB800E47090 /* InfoPlist.strings in Resources */,
				1EEBFBE50D34C793008F835B /* Debugger.xib in Resources */,
				1EEBFC2B0D358EBD008F835B /* StepIn.png in Resources */,
				1EEBFC370D358F1B008F835B /* StepOut.png in Resources */,
				1EEBFD120D359A9F008F835B /* dimple.png in Resources */,
				1E027F0A0D36F23F00885DEE /* Run.png in Resources */,
				1E027F0B0D36F23F00885DEE /* StepOver.png in Resources */,
				1E027F390D36F60800885DEE /* Reconnect.png in Resources */,
				1E416FF80D36F821009A53A2 /* Connect.xib in Resources */,
				1E416FF90D36F821009A53A2 /* MainMenu.xib in Resources */,
			);
			runOnlyForDeploymentPostprocessing = 0;
		};
/* End PBXResourcesBuildPhase section */

/* Begin PBXShellScriptBuildPhase section */
		1E78FD670C6155EB00D6D005 /* ShellScript */ = {
			isa = PBXShellScriptBuildPhase;
			buildActionMask = 2147483647;
			files = (
			);
			inputPaths = (
			);
			outputPaths = (
			);
			runOnlyForDeploymentPostprocessing = 0;
			shellPath = /usr/bin/ruby;
			shellScript = "require \"ftools\"\nrequire \"Time\"\n\nhash = %x{/usr/local/bin/git log -1 --pretty=format:%h}\ntimestamp = %x{/usr/local/bin/git log -1 --pretty=format:%ct}\ntime = Time.at(timestamp.to_i)\n\nbuild = (\"%02d\" % time.year) + (\"%02d\" % time.month) + (\"%02d\" % time.day) + \".\" + hash\n\ninfopath = ENV[\"CONFIGURATION_BUILD_DIR\"] + \"/\" + ENV[\"INFOPLIST_PATH\"]\n\nfile = \"\"\nio = File.new(infopath)\nlastline = \"\"\nwhile line = io.gets do\n\tif lastline.match(\"CFBundleVersion\")\n\t\tfile += \"\\t<string>#{build}</string>\\n\"\n\telse\n\t\tfile += line\n\tend\n\tlastline = line\nend\nio.close\n\nio = File.new(infopath, \"w\")\nio.write(file)\nio.close";
		};
/* End PBXShellScriptBuildPhase section */

/* Begin PBXSourcesBuildPhase section */
		8D11072C0486CEB800E47090 /* Sources */ = {
			isa = PBXSourcesBuildPhase;
			buildActionMask = 2147483647;
			files = (
				8D11072D0486CEB800E47090 /* main.m in Sources */,
				1E02C3D50C60EC2C006F1752 /* AppDelegate.m in Sources */,
				1E02C4080C60EF3F006F1752 /* ConnectWindowController.m in Sources */,
				1E02C5710C610158006F1752 /* DebuggerConnection.m in Sources */,
				1E02C5F60C610724006F1752 /* DebuggerWindowController.m in Sources */,
				1EEEE9400C618B70000C0732 /* SocketWrapper.m in Sources */,
				1E35FC760C6579CA0030F527 /* NSXMLElementAdditions.m in Sources */,
				1E35FEA10C6599040030F527 /* base64.c in Sources */,
				1EEBFD090D3599E8008F835B /* BSSplitView.m in Sources */,
			);
			runOnlyForDeploymentPostprocessing = 0;
		};
/* End PBXSourcesBuildPhase section */

/* Begin PBXVariantGroup section */
		089C165CFE840E0CC02AAC07 /* InfoPlist.strings */ = {
			isa = PBXVariantGroup;
			children = (
				089C165DFE840E0CC02AAC07 /* English */,
			);
			name = InfoPlist.strings;
			sourceTree = "<group>";
		};
		1E416FF40D36F821009A53A2 /* Connect.xib */ = {
			isa = PBXVariantGroup;
			children = (
				1E416FF50D36F821009A53A2 /* English */,
			);
			name = Connect.xib;
			sourceTree = "<group>";
		};
		1E416FF60D36F821009A53A2 /* MainMenu.xib */ = {
			isa = PBXVariantGroup;
			children = (
				1E416FF70D36F821009A53A2 /* English */,
			);
			name = MainMenu.xib;
			sourceTree = "<group>";
		};
		1EEBFBE30D34C793008F835B /* Debugger.xib */ = {
			isa = PBXVariantGroup;
			children = (
				1EEBFBE40D34C793008F835B /* English */,
			);
			name = Debugger.xib;
			sourceTree = "<group>";
		};
/* End PBXVariantGroup section */

/* Begin XCBuildConfiguration section */
		C01FCF4B08A954540054247B /* Debug */ = {
			isa = XCBuildConfiguration;
			buildSettings = {
				COPY_PHASE_STRIP = NO;
				GCC_DYNAMIC_NO_PIC = NO;
				GCC_ENABLE_FIX_AND_CONTINUE = YES;
				GCC_MODEL_TUNING = G5;
				GCC_OPTIMIZATION_LEVEL = 0;
				INFOPLIST_FILE = Info.plist;
				INSTALL_PATH = "$(HOME)/Applications";
				PRODUCT_NAME = MacGDBp;
				WRAPPER_EXTENSION = app;
				ZERO_LINK = YES;
			};
			name = Debug;
		};
		C01FCF4C08A954540054247B /* Release */ = {
			isa = XCBuildConfiguration;
			buildSettings = {
				ARCHS = (
					ppc,
					i386,
				);
				GCC_GENERATE_DEBUGGING_SYMBOLS = NO;
				GCC_MODEL_TUNING = G5;
				INFOPLIST_FILE = Info.plist;
				INSTALL_PATH = "$(HOME)/Applications";
				PRODUCT_NAME = MacGDBp;
				WRAPPER_EXTENSION = app;
			};
			name = Release;
		};
		C01FCF4F08A954540054247B /* Debug */ = {
			isa = XCBuildConfiguration;
			buildSettings = {
				GCC_C_LANGUAGE_STANDARD = c99;
				GCC_ENABLE_OBJC_GC = required;
				GCC_WARN_ABOUT_RETURN_TYPE = YES;
				GCC_WARN_UNUSED_VARIABLE = YES;
				PREBINDING = NO;
				SDKROOT = /Developer/SDKs/MacOSX10.5.sdk;
			};
			name = Debug;
		};
		C01FCF5008A954540054247B /* Release */ = {
			isa = XCBuildConfiguration;
			buildSettings = {
				GCC_C_LANGUAGE_STANDARD = c99;
				GCC_WARN_ABOUT_RETURN_TYPE = YES;
				GCC_WARN_UNUSED_VARIABLE = YES;
				PREBINDING = NO;
				SDKROOT = /Developer/SDKs/MacOSX10.5.sdk;
			};
			name = Release;
		};
/* End XCBuildConfiguration section */

/* Begin XCConfigurationList section */
		C01FCF4A08A954540054247B /* Build configuration list for PBXNativeTarget "MacGDBp" */ = {
			isa = XCConfigurationList;
			buildConfigurations = (
				C01FCF4B08A954540054247B /* Debug */,
				C01FCF4C08A954540054247B /* Release */,
			);
			defaultConfigurationIsVisible = 0;
			defaultConfigurationName = Release;
		};
		C01FCF4E08A954540054247B /* Build configuration list for PBXProject "MacGDBp" */ = {
			isa = XCConfigurationList;
			buildConfigurations = (
				C01FCF4F08A954540054247B /* Debug */,
				C01FCF5008A954540054247B /* Release */,
			);
			defaultConfigurationIsVisible = 0;
			defaultConfigurationName = Release;
		};
/* End XCConfigurationList section */
	};
	rootObject = 29B97313FDCFA39411CA2CEA /* Project object */;
}
